
Microsoft Visual Studio Solution File, Format Version 12.00
# Visual Studio 15
Project("{FAE04EC0-301F-11D3-BF4B-00C04F79EFBC}") = "Assembly-CSharp", "Assembly-CSharp.csproj", "{587212D2-1D16-1C8F-F749-327DECAEE55C}"
EndProject
Project("{FAE04EC0-301F-11D3-BF4B-00C04F79EFBC}") = "Assembly-CSharp-Editor", "Assembly-CSharp-Editor.csproj", "{BE746DDC-426B-FE33-2EE8-897E24EF65F5}"
EndProject
Global
	GlobalSection(SolutionConfigurationPlatforms) = preSolution
		Debug|Any CPU = Debug|Any CPU
		Release|Any CPU = Release|Any CPU
	EndGlobalSection
	GlobalSection(ProjectConfigurationPlatforms) = postSolution
		{587212D2-1D16-1C8F-F749-327DECAEE55C}.Debug|Any CPU.ActiveCfg = Debug|Any CPU
		{587212D2-1D16-1C8F-F749-327DECAEE55C}.Debug|Any CPU.Build.0 = Debug|Any CPU
		{587212D2-1D16-1C8F-F749-327DECAEE55C}.Release|Any CPU.ActiveCfg = Release|Any CPU
		{587212D2-1D16-1C8F-F749-327DECAEE55C}.Release|Any CPU.Build.0 = Release|Any CPU
		{BE746DDC-426B-FE33-2EE8-897E24EF65F5}.Debug|Any CPU.ActiveCfg = Debug|Any CPU
		{BE746DDC-426B-FE33-2EE8-897E24EF65F5}.Debug|Any CPU.Build.0 = Debug|Any CPU
		{BE746DDC-426B-FE33-2EE8-897E24EF65F5}.Release|Any CPU.ActiveCfg = Release|Any CPU
		{BE746DDC-426B-FE33-2EE8-897E24EF65F5}.Release|Any CPU.Build.0 = Release|Any CPU
	EndGlobalSection
	GlobalSection(SolutionProperties) = preSolution
		HideSolutionNode = FALSE
	EndGlobalSection
EndGlobal
